{
  "requires": true,
  "lockfileVersion": 1,
  "dependencies": {
    "@circleci/circleci-config-sdk": {
      "version": "0.4.0",
      "resolved": "https://registry.npmjs.org/@circleci/circleci-config-sdk/-/circleci-config-sdk-0.4.0.tgz",
      "integrity": "sha512-iTH6zYLqGl52fAIrn/BLhEpTxUN85mIjdpMj621G6TOf2v4UW1HlRyKLnWYbM6flfmusiY4uNZtw+I68gBnOQw==",
      "requires": {
        "yaml": "^1.10.2"
      },
      "dependencies": {
        "yaml": {
          "version": "1.10.2",
          "bundled": true
        }
      }
    }
  }
}
